PODS:
  - RLNewBase (0.3.0):
    - SnapKit
  - SnapKit (5.0.1)

DEPENDENCIES:
  - RLNewBase (from `../`)

SPEC REPOS:
  https://github.com/cocoapods/specs.git:
    - SnapKit

EXTERNAL SOURCES:
  RLNewBase:
    :path: "../"

SPEC CHECKSUMS:
  RLNewBase: 01676368fa49fb22c969eff3c0ac796dd0a1e195
  SnapKit: 97b92857e3df3a0c71833cce143274bf6ef8e5eb

PODFILE CHECKSUM: fa496f7fbfa7ee260eada4a0dfd92620f321ae58

COCOAPODS: 1.6.1
